
Microsoft Visual Studio Solution File, Format Version 12.00
# Visual Studio Version 16
VisualStudioVersion = 16.0.31005.135
MinimumVisualStudioVersion = 10.0.40219.1
Project("{8BC9CEB8-8B4A-11D0-8D11-00A0C91BC942}") = "chap05_func", "chap05_func\chap05_func.vcxproj", "{7F618184-66BE-46C1-A2D4-941E631C4B3D}"
EndProject
Project("{8BC9CEB8-8B4A-11D0-8D11-00A0C91BC942}") = "chap03-float", "chap03-float\chap03-float.vcxproj", "{BE11F153-30F5-45B4-A7F9-5DCC136D8BE1}"
EndProject
Project("{8BC9CEB8-8B4A-11D0-8D11-00A0C91BC942}") = "chap03-int", "chap03-int\chap03-int.vcxproj", "{25778C95-0287-4EC0-BF68-A851E94F22EB}"
EndProject
Project("{8BC9CEB8-8B4A-11D0-8D11-00A0C91BC942}") = "chap03-char", "chap03-type\chap03-type.vcxproj", "{24222B52-BE81-47D0-84CA-B2CF3581E883}"
EndProject
Project("{8BC9CEB8-8B4A-11D0-8D11-00A0C91BC942}") = "chap02-hello", "hello\hello.vcxproj", "{D9C112B6-5487-41F7-9213-959C22181FFB}"
EndProject
Project("{8BC9CEB8-8B4A-11D0-8D11-00A0C91BC942}") = "chap01-sysinfo", "chap01-sysinfo\chap01-sysinfo.vcxproj", "{41A9C12C-530F-4127-91CC-0905A458318F}"
EndProject
Project("{8BC9CEB8-8B4A-11D0-8D11-00A0C91BC942}") = "chap06-Preprocessor", "chap06-Preprocessor\chap06-Preprocessor.vcxproj", "{26B746F4-AC79-407D-8883-64B90F0EFC6C}"
EndProject
Global
	GlobalSection(SolutionConfigurationPlatforms) = preSolution
		Debug|x64 = Debug|x64
		Debug|x86 = Debug|x86
		Release|x64 = Release|x64
		Release|x86 = Release|x86
	EndGlobalSection
	GlobalSection(ProjectConfigurationPlatforms) = postSolution
		{7F618184-66BE-46C1-A2D4-941E631C4B3D}.Debug|x64.ActiveCfg = Debug|x64
		{7F618184-66BE-46C1-A2D4-941E631C4B3D}.Debug|x64.Build.0 = Debug|x64
		{7F618184-66BE-46C1-A2D4-941E631C4B3D}.Debug|x86.ActiveCfg = Debug|Win32
		{7F618184-66BE-46C1-A2D4-941E631C4B3D}.Debug|x86.Build.0 = Debug|Win32
		{7F618184-66BE-46C1-A2D4-941E631C4B3D}.Release|x64.ActiveCfg = Release|x64
		{7F618184-66BE-46C1-A2D4-941E631C4B3D}.Release|x64.Build.0 = Release|x64
		{7F618184-66BE-46C1-A2D4-941E631C4B3D}.Release|x86.ActiveCfg = Release|Win32
		{7F618184-66BE-46C1-A2D4-941E631C4B3D}.Release|x86.Build.0 = Release|Win32
		{BE11F153-30F5-45B4-A7F9-5DCC136D8BE1}.Debug|x64.ActiveCfg = Debug|x64
		{BE11F153-30F5-45B4-A7F9-5DCC136D8BE1}.Debug|x64.Build.0 = Debug|x64
		{BE11F153-30F5-45B4-A7F9-5DCC136D8BE1}.Debug|x86.ActiveCfg = Debug|Win32
		{BE11F153-30F5-45B4-A7F9-5DCC136D8BE1}.Debug|x86.Build.0 = Debug|Win32
		{BE11F153-30F5-45B4-A7F9-5DCC136D8BE1}.Release|x64.ActiveCfg = Release|x64
		{BE11F153-30F5-45B4-A7F9-5DCC136D8BE1}.Release|x64.Build.0 = Release|x64
		{BE11F153-30F5-45B4-A7F9-5DCC136D8BE1}.Release|x86.ActiveCfg = Release|Win32
		{BE11F153-30F5-45B4-A7F9-5DCC136D8BE1}.Release|x86.Build.0 = Release|Win32
		{25778C95-0287-4EC0-BF68-A851E94F22EB}.Debug|x64.ActiveCfg = Debug|x64
		{25778C95-0287-4EC0-BF68-A851E94F22EB}.Debug|x64.Build.0 = Debug|x64
		{25778C95-0287-4EC0-BF68-A851E94F22EB}.Debug|x86.ActiveCfg = Debug|Win32
		{25778C95-0287-4EC0-BF68-A851E94F22EB}.Debug|x86.Build.0 = Debug|Win32
		{25778C95-0287-4EC0-BF68-A851E94F22EB}.Release|x64.ActiveCfg = Release|x64
		{25778C95-0287-4EC0-BF68-A851E94F22EB}.Release|x64.Build.0 = Release|x64
		{25778C95-0287-4EC0-BF68-A851E94F22EB}.Release|x86.ActiveCfg = Release|Win32
		{25778C95-0287-4EC0-BF68-A851E94F22EB}.Release|x86.Build.0 = Release|Win32
		{24222B52-BE81-47D0-84CA-B2CF3581E883}.Debug|x64.ActiveCfg = Debug|x64
		{24222B52-BE81-47D0-84CA-B2CF3581E883}.Debug|x64.Build.0 = Debug|x64
		{24222B52-BE81-47D0-84CA-B2CF3581E883}.Debug|x86.ActiveCfg = Debug|Win32
		{24222B52-BE81-47D0-84CA-B2CF3581E883}.Debug|x86.Build.0 = Debug|Win32
		{24222B52-BE81-47D0-84CA-B2CF3581E883}.Release|x64.ActiveCfg = Release|x64
		{24222B52-BE81-47D0-84CA-B2CF3581E883}.Release|x64.Build.0 = Release|x64
		{24222B52-BE81-47D0-84CA-B2CF3581E883}.Release|x86.ActiveCfg = Release|Win32
		{24222B52-BE81-47D0-84CA-B2CF3581E883}.Release|x86.Build.0 = Release|Win32
		{D9C112B6-5487-41F7-9213-959C22181FFB}.Debug|x64.ActiveCfg = Debug|x64
		{D9C112B6-5487-41F7-9213-959C22181FFB}.Debug|x64.Build.0 = Debug|x64
		{D9C112B6-5487-41F7-9213-959C22181FFB}.Debug|x86.ActiveCfg = Debug|Win32
		{D9C112B6-5487-41F7-9213-959C22181FFB}.Debug|x86.Build.0 = Debug|Win32
		{D9C112B6-5487-41F7-9213-959C22181FFB}.Release|x64.ActiveCfg = Release|x64
		{D9C112B6-5487-41F7-9213-959C22181FFB}.Release|x64.Build.0 = Release|x64
		{D9C112B6-5487-41F7-9213-959C22181FFB}.Release|x86.ActiveCfg = Release|Win32
		{D9C112B6-5487-41F7-9213-959C22181FFB}.Release|x86.Build.0 = Release|Win32
		{41A9C12C-530F-4127-91CC-0905A458318F}.Debug|x64.ActiveCfg = Debug|x64
		{41A9C12C-530F-4127-91CC-0905A458318F}.Debug|x64.Build.0 = Debug|x64
		{41A9C12C-530F-4127-91CC-0905A458318F}.Debug|x86.ActiveCfg = Debug|Win32
		{41A9C12C-530F-4127-91CC-0905A458318F}.Debug|x86.Build.0 = Debug|Win32
		{41A9C12C-530F-4127-91CC-0905A458318F}.Release|x64.ActiveCfg = Release|x64
		{41A9C12C-530F-4127-91CC-0905A458318F}.Release|x64.Build.0 = Release|x64
		{41A9C12C-530F-4127-91CC-0905A458318F}.Release|x86.ActiveCfg = Release|Win32
		{41A9C12C-530F-4127-91CC-0905A458318F}.Release|x86.Build.0 = Release|Win32
		{26B746F4-AC79-407D-8883-64B90F0EFC6C}.Debug|x64.ActiveCfg = Debug|x64
		{26B746F4-AC79-407D-8883-64B90F0EFC6C}.Debug|x64.Build.0 = Debug|x64
		{26B746F4-AC79-407D-8883-64B90F0EFC6C}.Debug|x86.ActiveCfg = Debug|Win32
		{26B746F4-AC79-407D-8883-64B90F0EFC6C}.Debug|x86.Build.0 = Debug|Win32
		{26B746F4-AC79-407D-8883-64B90F0EFC6C}.Release|x64.ActiveCfg = Release|x64
		{26B746F4-AC79-407D-8883-64B90F0EFC6C}.Release|x64.Build.0 = Release|x64
		{26B746F4-AC79-407D-8883-64B90F0EFC6C}.Release|x86.ActiveCfg = Release|Win32
		{26B746F4-AC79-407D-8883-64B90F0EFC6C}.Release|x86.Build.0 = Release|Win32
	EndGlobalSection
	GlobalSection(SolutionProperties) = preSolution
		HideSolutionNode = FALSE
	EndGlobalSection
	GlobalSection(ExtensibilityGlobals) = postSolution
		SolutionGuid = {21022144-CC05-4A2C-B897-B2A6AB37CE8F}
	EndGlobalSection
EndGlobal
